Microsoft Visual Studio Solution File, Format Version 11.00
# Visual Studio 2008

Project("{9F5FB054-B5F3-BC2D-8FDC-F11456AC3379}") = "ewzGamification", "Assembly-CSharp.csproj", "{134C2BD4-4D38-C052-A9DC-C06C3870050B}"
EndProject
Project("{9F5FB054-B5F3-BC2D-8FDC-F11456AC3379}") = "ewzGamification", "Assembly-CSharp-Editor.csproj", "{D07604C3-9944-C34E-6C3D-46EB8F016108}"
EndProject
Global
	GlobalSection(SolutionConfigurationPlatforms) = preSolution
		Debug|Any CPU = Debug|Any CPU
		Release|Any CPU = Release|Any CPU
	EndGlobalSection
	GlobalSection(ProjectConfigurationPlatforms) = postSolution
		{134C2BD4-4D38-C052-A9DC-C06C3870050B}.Debug|Any CPU.ActiveCfg = Debug|Any CPU
		{134C2BD4-4D38-C052-A9DC-C06C3870050B}.Debug|Any CPU.Build.0 = Debug|Any CPU
		{134C2BD4-4D38-C052-A9DC-C06C3870050B}.Release|Any CPU.ActiveCfg = Release|Any CPU
		{134C2BD4-4D38-C052-A9DC-C06C3870050B}.Release|Any CPU.Build.0 = Release|Any CPU
		{D07604C3-9944-C34E-6C3D-46EB8F016108}.Debug|Any CPU.ActiveCfg = Debug|Any CPU
		{D07604C3-9944-C34E-6C3D-46EB8F016108}.Debug|Any CPU.Build.0 = Debug|Any CPU
		{D07604C3-9944-C34E-6C3D-46EB8F016108}.Release|Any CPU.ActiveCfg = Release|Any CPU
		{D07604C3-9944-C34E-6C3D-46EB8F016108}.Release|Any CPU.Build.0 = Release|Any CPU
	EndGlobalSection
	GlobalSection(SolutionProperties) = preSolution
		HideSolutionNode = FALSE
	EndGlobalSection
	GlobalSection(MonoDevelopProperties) = preSolution
		StartupItem = Assembly-CSharp.csproj
	EndGlobalSection
EndGlobal
